
Microsoft Visual Studio Solution File, Format Version 12.00
# Visual Studio Version 17
VisualStudioVersion = 17.10.34916.146
MinimumVisualStudioVersion = 10.0.40219.1
Project("{FAE04EC0-301F-11D3-BF4B-00C04F79EFBC}") = "API MediatR CQRS", "API MediatR CQRS\API MediatR CQRS.csproj", "{BC09F1ED-1049-4178-8683-94453C9D1B5E}"
EndProject
Global
	GlobalSection(SolutionConfigurationPlatforms) = preSolution
		Debug|Any CPU = Debug|Any CPU
		Release|Any CPU = Release|Any CPU
	EndGlobalSection
	GlobalSection(ProjectConfigurationPlatforms) = postSolution
		{BC09F1ED-1049-4178-8683-94453C9D1B5E}.Debug|Any CPU.ActiveCfg = Debug|Any CPU
		{BC09F1ED-1049-4178-8683-94453C9D1B5E}.Debug|Any CPU.Build.0 = Debug|Any CPU
		{BC09F1ED-1049-4178-8683-94453C9D1B5E}.Release|Any CPU.ActiveCfg = Release|Any CPU
		{BC09F1ED-1049-4178-8683-94453C9D1B5E}.Release|Any CPU.Build.0 = Release|Any CPU
	EndGlobalSection
	GlobalSection(SolutionProperties) = preSolution
		HideSolutionNode = FALSE
	EndGlobalSection
	GlobalSection(ExtensibilityGlobals) = postSolution
		SolutionGuid = {492ED1DD-287D-4532-AF24-84142AC85B20}
	EndGlobalSection
EndGlobal
